
Microsoft Visual Studio Solution File, Format Version 12.00
# Visual Studio Version 16
VisualStudioVersion = 16.0.30717.126
MinimumVisualStudioVersion = 10.0.40219.1
Project("{FAE04EC0-301F-11D3-BF4B-00C04F79EFBC}") = "FinalProjectSnake", "FinalProjectSnake\FinalProjectSnake.csproj", "{7F89E9FA-F6A0-4CD4-8A9C-1485493AE7FF}"
EndProject
Global
	GlobalSection(SolutionConfigurationPlatforms) = preSolution
		Debug|Any CPU = Debug|Any CPU
		Release|Any CPU = Release|Any CPU
	EndGlobalSection
	GlobalSection(ProjectConfigurationPlatforms) = postSolution
		{7F89E9FA-F6A0-4CD4-8A9C-1485493AE7FF}.Debug|Any CPU.ActiveCfg = Debug|Any CPU
		{7F89E9FA-F6A0-4CD4-8A9C-1485493AE7FF}.Debug|Any CPU.Build.0 = Debug|Any CPU
		{7F89E9FA-F6A0-4CD4-8A9C-1485493AE7FF}.Release|Any CPU.ActiveCfg = Release|Any CPU
		{7F89E9FA-F6A0-4CD4-8A9C-1485493AE7FF}.Release|Any CPU.Build.0 = Release|Any CPU
	EndGlobalSection
	GlobalSection(SolutionProperties) = preSolution
		HideSolutionNode = FALSE
	EndGlobalSection
	GlobalSection(ExtensibilityGlobals) = postSolution
		SolutionGuid = {865DAF64-46FB-40D1-92F6-339ED729D9FC}
	EndGlobalSection
EndGlobal
